lockfileVersion: 5.4

specifiers:
  '@prettier/plugin-xml': ^2.2.0
  '@types/node': ^18.7.18
  '@types/prettier': ^2.7.0
  prettier: ^2.7.1
  typescript: ^4.8.3

dependencies:
  '@prettier/plugin-xml': 2.2.0
  '@types/node': 18.7.18
  '@types/prettier': 2.7.0
  prettier: 2.7.1

devDependencies:
  typescript: 4.8.3

packages:

  /@prettier/plugin-xml/2.2.0:
    resolution: {integrity: sha512-UWRmygBsyj4bVXvDiqSccwT1kmsorcwQwaIy30yVh8T+Gspx4OlC0shX1y+ZuwXZvgnafmpRYKks0bAu9urJew==}
    dependencies:
      '@xml-tools/parser': 1.0.11
      prettier: 2.7.1
    dev: false

  /@types/node/18.7.18:
    resolution: {integrity: sha512-m+6nTEOadJZuTPkKR/SYK3A2d7FZrgElol9UP1Kae90VVU4a6mxnPuLiIW1m4Cq4gZ/nWb9GrdVXJCoCazDAbg==}
    dev: false

  /@types/prettier/2.7.0:
    resolution: {integrity: sha512-RI1L7N4JnW5gQw2spvL7Sllfuf1SaHdrZpCHiBlCXjIlufi1SMNnbu2teze3/QE67Fg2tBlH7W+mi4hVNk4p0A==}
    dev: false

  /@xml-tools/parser/1.0.11:
    resolution: {integrity: sha512-aKqQ077XnR+oQtHJlrAflaZaL7qZsulWc/i/ZEooar5JiWj1eLt0+Wg28cpa+XLney107wXqneC+oG1IZvxkTA==}
    dependencies:
      chevrotain: 7.1.1
    dev: false

  /chevrotain/7.1.1:
    resolution: {integrity: sha512-wy3mC1x4ye+O+QkEinVJkPf5u2vsrDIYW9G7ZuwFl6v/Yu0LwUuT2POsb+NUWApebyxfkQq6+yDfRExbnI5rcw==}
    dependencies:
      regexp-to-ast: 0.5.0
    dev: false

  /prettier/2.7.1:
    resolution: {integrity: sha512-ujppO+MkdPqoVINuDFDRLClm7D78qbDt0/NR+wp5FqEZOoTNAjPHWj17QRhu7geIHJfcNhRk1XVQmF8Bp3ye+g==}
    engines: {node: '>=10.13.0'}
    hasBin: true
    dev: false

  /regexp-to-ast/0.5.0:
    resolution: {integrity: sha512-tlbJqcMHnPKI9zSrystikWKwHkBqu2a/Sgw01h3zFjvYrMxEDYHzzoMZnUrbIfpTFEsoRnnviOXNCzFiSc54Qw==}
    dev: false

  /typescript/4.8.3:
    resolution: {integrity: sha512-goMHfm00nWPa8UvR/CPSvykqf6dVV8x/dp0c5mFTMTIu0u0FlGWRioyy7Nn0PGAdHxpJZnuO/ut+PpQ8UiHAig==}
    engines: {node: '>=4.2.0'}
    hasBin: true
    dev: true
